// !$*UTF8*$!
{
	archiveVersion = 1;
	classes = {
	};
	objectVersion = 46;
	objects = {

/* Begin PBXBuildFile section */
		1B04C57C1BA9CFE400A4FF65 /* AppDelegate.swift in Sources */ = {isa = PBXBuildFile; fileRef = 1B04C57B1BA9CFE400A4FF65 /* AppDelegate.swift */; };
		1B04C57E1BA9CFE400A4FF65 /* ViewController.swift in Sources */ = {isa = PBXBuildFile; fileRef = 1B04C57D1BA9CFE400A4FF65 /* ViewController.swift */; };
		1B04C5811BA9CFE400A4FF65 /* Main.storyboard in Resources */ = {isa = PBXBuildFile; fileRef = 1B04C57F1BA9CFE400A4FF65 /* Main.storyboard */; };
		1B04C5831BA9CFE400A4FF65 /* Images.xcassets in Resources */ = {isa = PBXBuildFile; fileRef = 1B04C5821BA9CFE400A4FF65 /* Images.xcassets */; };
		1B04C5861BA9CFE400A4FF65 /* LaunchScreen.xib in Resources */ = {isa = PBXBuildFile; fileRef = 1B04C5841BA9CFE400A4FF65 /* LaunchScreen.xib */; };
		1B04C5921BA9CFE400A4FF65 /* CatYearsTests.swift in Sources */ = {isa = PBXBuildFile; fileRef = 1B04C5911BA9CFE400A4FF65 /* CatYearsTests.swift */; };
		1B04C59C1BA9D29F00A4FF65 /* 6.jpg in Resources */ = {isa = PBXBuildFile; fileRef = 1B04C59B1BA9D29F00A4FF65 /* 6.jpg */; };
/* End PBXBuildFile section */

/* Begin PBXContainerItemProxy section */
		1B04C58C1BA9CFE400A4FF65 /* PBXContainerItemProxy */ = {
			isa = PBXContainerItemProxy;
			containerPortal = 1B04C56E1BA9CFE400A4FF65 /* Project object */;
			proxyType = 1;
			remoteGlobalIDString = 1B04C5751BA9CFE400A4FF65;
			remoteInfo = CatYears;
		};
/* End PBXContainerItemProxy section */

/* Begin PBXFileReference section */
		1B04C5761BA9CFE400A4FF65 /* CatYears.app */ = {isa = PBXFileReference; explicitFileType = wrapper.application; includeInIndex = 0; path = CatYears.app; sourceTree = BUILT_PRODUCTS_DIR; };
		1B04C57A1BA9CFE400A4FF65 /* Info.plist */ = {isa = PBXFileReference; lastKnownFileType = text.plist.xml; path = Info.plist; sourceTree = "<group>"; };
		1B04C57B1BA9CFE400A4FF65 /* AppDelegate.swift */ = {isa = PBXFileReference; lastKnownFileType = sourcecode.swift; path = AppDelegate.swift; sourceTree = "<group>"; };
		1B04C57D1BA9CFE400A4FF65 /* ViewController.swift */ = {isa = PBXFileReference; lastKnownFileType = sourcecode.swift; path = ViewController.swift; sourceTree = "<group>"; };
		1B04C5801BA9CFE400A4FF65 /* Base */ = {isa = PBXFileReference; lastKnownFileType = file.storyboard; name = Base; path = Base.lproj/Main.storyboard; sourceTree = "<group>"; };
		1B04C5821BA9CFE400A4FF65 /* Images.xcassets */ = {isa = PBXFileReference; lastKnownFileType = folder.assetcatalog; path = Images.xcassets; sourceTree = "<group>"; };
		1B04C5851BA9CFE400A4FF65 /* Base */ = {isa = PBXFileReference; lastKnownFileType = file.xib; name = Base; path = Base.lproj/LaunchScreen.xib; sourceTree = "<group>"; };
		1B04C58B1BA9CFE400A4FF65 /* CatYearsTests.xctest */ = {isa = PBXFileReference; explicitFileType = wrapper.cfbundle; includeInIndex = 0; path = CatYearsTests.xctest; sourceTree = BUILT_PRODUCTS_DIR; };
		1B04C5901BA9CFE400A4FF65 /* Info.plist */ = {isa = PBXFileReference; lastKnownFileType = text.plist.xml; path = Info.plist; sourceTree = "<group>"; };
		1B04C5911BA9CFE400A4FF65 /* CatYearsTests.swift */ = {isa = PBXFileReference; lastKnownFileType = sourcecode.swift; path = CatYearsTests.swift; sourceTree = "<group>"; };
		1B04C59B1BA9D29F00A4FF65 /* 6.jpg */ = {isa = PBXFileReference; lastKnownFileType = image.jpeg; path = 6.jpg; sourceTree = "<group>"; };
/* End PBXFileReference section */

/* Begin PBXFrameworksBuildPhase section */
		1B04C5731BA9CFE400A4FF65 /* Frameworks */ = {
			isa = PBXFrameworksBuildPhase;
			buildActionMask = 2147483647;
			files = (
			);
			runOnlyForDeploymentPostprocessing = 0;
		};
		1B04C5881BA9CFE400A4FF65 /* Frameworks */ = {
			isa = PBXFrameworksBuildPhase;
			buildActionMask = 2147483647;
			files = (
			);
			runOnlyForDeploymentPostprocessing = 0;
		};
/* End PBXFrameworksBuildPhase section */

/* Begin PBXGroup section */
		1B04C56D1BA9CFE400A4FF65 = {
			isa = PBXGroup;
			children = (
				1B04C5781BA9CFE400A4FF65 /* CatYears */,
				1B04C58E1BA9CFE400A4FF65 /* CatYearsTests */,
				1B04C5771BA9CFE400A4FF65 /* Products */,
			);
			sourceTree = "<group>";
		};
		1B04C5771BA9CFE400A4FF65 /* Products */ = {
			isa = PBXGroup;
			children = (
				1B04C5761BA9CFE400A4FF65 /* CatYears.app */,
				1B04C58B1BA9CFE400A4FF65 /* CatYearsTests.xctest */,
			);
			name = Products;
			sourceTree = "<group>";
		};
		1B04C5781BA9CFE400A4FF65 /* CatYears */ = {
			isa = PBXGroup;
			children = (
				1B04C57B1BA9CFE400A4FF65 /* AppDelegate.swift */,
				1B04C57D1BA9CFE400A4FF65 /* ViewController.swift */,
				1B04C57F1BA9CFE400A4FF65 /* Main.storyboard */,
				1B04C59B1BA9D29F00A4FF65 /* 6.jpg */,
				1B04C5821BA9CFE400A4FF65 /* Images.xcassets */,
				1B04C5841BA9CFE400A4FF65 /* LaunchScreen.xib */,
				1B04C5791BA9CFE400A4FF65 /* Supporting Files */,
			);
			path = CatYears;
			sourceTree = "<group>";
		};
		1B04C5791BA9CFE400A4FF65 /* Supporting Files */ = {
			isa = PBXGroup;
			children = (
				1B04C57A1BA9CFE400A4FF65 /* Info.plist */,
			);
			name = "Supporting Files";
			sourceTree = "<group>";
		};
		1B04C58E1BA9CFE400A4FF65 /* CatYearsTests */ = {
			isa = PBXGroup;
			children = (
				1B04C5911BA9CFE400A4FF65 /* CatYearsTests.swift */,
				1B04C58F1BA9CFE400A4FF65 /* Supporting Files */,
			);
			path = CatYearsTests;
			sourceTree = "<group>";
		};
		1B04C58F1BA9CFE400A4FF65 /* Supporting Files */ = {
			isa = PBXGroup;
			children = (
				1B04C5901BA9CFE400A4FF65 /* Info.plist */,
			);
			name = "Supporting Files";
			sourceTree = "<group>";
		};
/* End PBXGroup section */

/* Begin PBXNativeTarget section */
		1B04C5751BA9CFE400A4FF65 /* CatYears */ = {
			isa = PBXNativeTarget;
			buildConfigurationList = 1B04C5951BA9CFE400A4FF65 /* Build configuration list for PBXNativeTarget "CatYears" */;
			buildPhases = (
				1B04C5721BA9CFE400A4FF65 /* Sources */,
				1B04C5731BA9CFE400A4FF65 /* Frameworks */,
				1B04C5741BA9CFE400A4FF65 /* Resources */,
			);
			buildRules = (
			);
			dependencies = (
			);
			name = CatYears;
			productName = CatYears;
			productReference = 1B04C5761BA9CFE400A4FF65 /* CatYears.app */;
			productType = "com.apple.product-type.application";
		};
		1B04C58A1BA9CFE400A4FF65 /* CatYearsTests */ = {
			isa = PBXNativeTarget;
			buildConfigurationList = 1B04C5981BA9CFE400A4FF65 /* Build configuration list for PBXNativeTarget "CatYearsTests" */;
			buildPhases = (
				1B04C5871BA9CFE400A4FF65 /* Sources */,
				1B04C5881BA9CFE400A4FF65 /* Frameworks */,
				1B04C5891BA9CFE400A4FF65 /* Resources */,
			);
			buildRules = (
			);
			dependencies = (
				1B04C58D1BA9CFE400A4FF65 /* PBXTargetDependency */,
			);
			name = CatYearsTests;
			productName = CatYearsTests;
			productReference = 1B04C58B1BA9CFE400A4FF65 /* CatYearsTests.xctest */;
			productType = "com.apple.product-type.bundle.unit-test";
		};
/* End PBXNativeTarget section */

/* Begin PBXProject section */
		1B04C56E1BA9CFE400A4FF65 /* Project object */ = {
			isa = PBXProject;
			attributes = {
				LastSwiftMigration = 0700;
				LastSwiftUpdateCheck = 0700;
				LastUpgradeCheck = 0620;
				ORGANIZATIONNAME = "Flatiron School";
				TargetAttributes = {
					1B04C5751BA9CFE400A4FF65 = {
						CreatedOnToolsVersion = 6.2;
					};
					1B04C58A1BA9CFE400A4FF65 = {
						CreatedOnToolsVersion = 6.2;
						TestTargetID = 1B04C5751BA9CFE400A4FF65;
					};
				};
			};
			buildConfigurationList = 1B04C5711BA9CFE400A4FF65 /* Build configuration list for PBXProject "CatYears" */;
			compatibilityVersion = "Xcode 3.2";
			developmentRegion = English;
			hasScannedForEncodings = 0;
			knownRegions = (
				en,
				Base,
			);
			mainGroup = 1B04C56D1BA9CFE400A4FF65;
			productRefGroup = 1B04C5771BA9CFE400A4FF65 /* Products */;
			projectDirPath = "";
			projectRoot = "";
			targets = (
				1B04C5751BA9CFE400A4FF65 /* CatYears */,
				1B04C58A1BA9CFE400A4FF65 /* CatYearsTests */,
			);
		};
/* End PBXProject section */

/* Begin PBXResourcesBuildPhase section */
		1B04C5741BA9CFE400A4FF65 /* Resources */ = {
			isa = PBXResourcesBuildPhase;
			buildActionMask = 2147483647;
			files = (
				1B04C5811BA9CFE400A4FF65 /* Main.storyboard in Resources */,
				1B04C5861BA9CFE400A4FF65 /* LaunchScreen.xib in Resources */,
				1B04C59C1BA9D29F00A4FF65 /* 6.jpg in Resources */,
				1B04C5831BA9CFE400A4FF65 /* Images.xcassets in Resources */,
			);
			runOnlyForDeploymentPostprocessing = 0;
		};
		1B04C5891BA9CFE400A4FF65 /* Resources */ = {
			isa = PBXResourcesBuildPhase;
			buildActionMask = 2147483647;
			files = (
			);
			runOnlyForDeploymentPostprocessing = 0;
		};
/* End PBXResourcesBuildPhase section */

/* Begin PBXSourcesBuildPhase section */
		1B04C5721BA9CFE400A4FF65 /* Sources */ = {
			isa = PBXSourcesBuildPhase;
			buildActionMask = 2147483647;
			files = (
				1B04C57E1BA9CFE400A4FF65 /* ViewController.swift in Sources */,
				1B04C57C1BA9CFE400A4FF65 /* AppDelegate.swift in Sources */,
			);
			runOnlyForDeploymentPostprocessing = 0;
		};
		1B04C5871BA9CFE400A4FF65 /* Sources */ = {
			isa = PBXSourcesBuildPhase;
			buildActionMask = 2147483647;
			files = (
				1B04C5921BA9CFE400A4FF65 /* CatYearsTests.swift in Sources */,
			);
			runOnlyForDeploymentPostprocessing = 0;
		};
/* End PBXSourcesBuildPhase section */

/* Begin PBXTargetDependency section */
		1B04C58D1BA9CFE400A4FF65 /* PBXTargetDependency */ = {
			isa = PBXTargetDependency;
			target = 1B04C5751BA9CFE400A4FF65 /* CatYears */;
			targetProxy = 1B04C58C1BA9CFE400A4FF65 /* PBXContainerItemProxy */;
		};
/* End PBXTargetDependency section */

/* Begin PBXVariantGroup section */
		1B04C57F1BA9CFE400A4FF65 /* Main.storyboard */ = {
			isa = PBXVariantGroup;
			children = (
				1B04C5801BA9CFE400A4FF65 /* Base */,
			);
			name = Main.storyboard;
			sourceTree = "<group>";
		};
		1B04C5841BA9CFE400A4FF65 /* LaunchScreen.xib */ = {
			isa = PBXVariantGroup;
			children = (
				1B04C5851BA9CFE400A4FF65 /* Base */,
			);
			name = LaunchScreen.xib;
			sourceTree = "<group>";
		};
/* End PBXVariantGroup section */

/* Begin XCBuildConfiguration section */
		1B04C5931BA9CFE400A4FF65 /* Debug */ = {
			isa = XCBuildConfiguration;
			buildSettings = {
				ALWAYS_SEARCH_USER_PATHS = NO;
				CLANG_CXX_LANGUAGE_STANDARD = "gnu++0x";
				CLANG_CXX_LIBRARY = "libc++";
				CLANG_ENABLE_MODULES = YES;
				CLANG_ENABLE_OBJC_ARC = YES;
				CLANG_WARN_BOOL_CONVERSION = YES;
				CLANG_WARN_CONSTANT_CONVERSION = YES;
				CLANG_WARN_DIRECT_OBJC_ISA_USAGE = YES_ERROR;
				CLANG_WARN_EMPTY_BODY = YES;
				CLANG_WARN_ENUM_CONVERSION = YES;
				CLANG_WARN_INT_CONVERSION = YES;
				CLANG_WARN_OBJC_ROOT_CLASS = YES_ERROR;
				CLANG_WARN_UNREACHABLE_CODE = YES;
				CLANG_WARN__DUPLICATE_METHOD_MATCH = YES;
				"CODE_SIGN_IDENTITY[sdk=iphoneos*]" = "iPhone Developer";
				COPY_PHASE_STRIP = NO;
				ENABLE_STRICT_OBJC_MSGSEND = YES;
				GCC_C_LANGUAGE_STANDARD = gnu99;
				GCC_DYNAMIC_NO_PIC = NO;
				GCC_OPTIMIZATION_LEVEL = 0;
				GCC_PREPROCESSOR_DEFINITIONS = (
					"DEBUG=1",
					"$(inherited)",
				);
				GCC_SYMBOLS_PRIVATE_EXTERN = NO;
				GCC_WARN_64_TO_32_BIT_CONVERSION = YES;
				GCC_WARN_ABOUT_RETURN_TYPE = YES_ERROR;
				GCC_WARN_UNDECLARED_SELECTOR = YES;
				GCC_WARN_UNINITIALIZED_AUTOS = YES_AGGRESSIVE;
				GCC_WARN_UNUSED_FUNCTION = YES;
				GCC_WARN_UNUSED_VARIABLE = YES;
				IPHONEOS_DEPLOYMENT_TARGET = 8.2;
				MTL_ENABLE_DEBUG_INFO = YES;
				ONLY_ACTIVE_ARCH = YES;
				SDKROOT = iphoneos;
				SWIFT_OPTIMIZATION_LEVEL = "-Onone";
			};
			name = Debug;
		};
		1B04C5941BA9CFE400A4FF65 /* Release */ = {
			isa = XCBuildConfiguration;
			buildSettings = {
				ALWAYS_SEARCH_USER_PATHS = NO;
				CLANG_CXX_LANGUAGE_STANDARD = "gnu++0x";
				CLANG_CXX_LIBRARY = "libc++";
				CLANG_ENABLE_MODULES = YES;
				CLANG_ENABLE_OBJC_ARC = YES;
				CLANG_WARN_BOOL_CONVERSION = YES;
				CLANG_WARN_CONSTANT_CONVERSION = YES;
				CLANG_WARN_DIRECT_OBJC_ISA_USAGE = YES_ERROR;
				CLANG_WARN_EMPTY_BODY = YES;
				CLANG_WARN_ENUM_CONVERSION = YES;
				CLANG_WARN_INT_CONVERSION = YES;
				CLANG_WARN_OBJC_ROOT_CLASS = YES_ERROR;
				CLANG_WARN_UNREACHABLE_CODE = YES;
				CLANG_WARN__DUPLICATE_METHOD_MATCH = YES;
				"CODE_SIGN_IDENTITY[sdk=iphoneos*]" = "iPhone Developer";
				COPY_PHASE_STRIP = NO;
				ENABLE_NS_ASSERTIONS = NO;
				ENABLE_STRICT_OBJC_MSGSEND = YES;
				GCC_C_LANGUAGE_STANDARD = gnu99;
				GCC_WARN_64_TO_32_BIT_CONVERSION = YES;
				GCC_WARN_ABOUT_RETURN_TYPE = YES_ERROR;
				GCC_WARN_UNDECLARED_SELECTOR = YES;
				GCC_WARN_UNINITIALIZED_AUTOS = YES_AGGRESSIVE;
				GCC_WARN_UNUSED_FUNCTION = YES;
				GCC_WARN_UNUSED_VARIABLE = YES;
				IPHONEOS_DEPLOYMENT_TARGET = 8.2;
				MTL_ENABLE_DEBUG_INFO = NO;
				SDKROOT = iphoneos;
				VALIDATE_PRODUCT = YES;
			};
			name = Release;
		};
		1B04C5961BA9CFE400A4FF65 /* Debug */ = {
			isa = XCBuildConfiguration;
			buildSettings = {
				ASSETCATALOG_COMPILER_APPICON_NAME = AppIcon;
				INFOPLIST_FILE = CatYears/Info.plist;
				LD_RUNPATH_SEARCH_PATHS = "$(inherited) @executable_path/Frameworks";
				PRODUCT_NAME = "$(TARGET_NAME)";
			};
			name = Debug;
		};
		1B04C5971BA9CFE400A4FF65 /* Release */ = {
			isa = XCBuildConfiguration;
			buildSettings = {
				ASSETCATALOG_COMPILER_APPICON_NAME = AppIcon;
				INFOPLIST_FILE = CatYears/Info.plist;
				LD_RUNPATH_SEARCH_PATHS = "$(inherited) @executable_path/Frameworks";
				PRODUCT_NAME = "$(TARGET_NAME)";
			};
			name = Release;
		};
		1B04C5991BA9CFE400A4FF65 /* Debug */ = {
			isa = XCBuildConfiguration;
			buildSettings = {
				BUNDLE_LOADER = "$(TEST_HOST)";
				FRAMEWORK_SEARCH_PATHS = (
					"$(SDKROOT)/Developer/Library/Frameworks",
					"$(inherited)",
				);
				GCC_PREPROCESSOR_DEFINITIONS = (
					"DEBUG=1",
					"$(inherited)",
				);
				INFOPLIST_FILE = CatYearsTests/Info.plist;
				LD_RUNPATH_SEARCH_PATHS = "$(inherited) @executable_path/Frameworks @loader_path/Frameworks";
				PRODUCT_NAME = "$(TARGET_NAME)";
				TEST_HOST = "$(BUILT_PRODUCTS_DIR)/CatYears.app/CatYears";
			};
			name = Debug;
		};
		1B04C59A1BA9CFE400A4FF65 /* Release */ = {
			isa = XCBuildConfiguration;
			buildSettings = {
				BUNDLE_LOADER = "$(TEST_HOST)";
				FRAMEWORK_SEARCH_PATHS = (
					"$(SDKROOT)/Developer/Library/Frameworks",
					"$(inherited)",
				);
				INFOPLIST_FILE = CatYearsTests/Info.plist;
				LD_RUNPATH_SEARCH_PATHS = "$(inherited) @executable_path/Frameworks @loader_path/Frameworks";
				PRODUCT_NAME = "$(TARGET_NAME)";
				TEST_HOST = "$(BUILT_PRODUCTS_DIR)/CatYears.app/CatYears";
			};
			name = Release;
		};
/* End XCBuildConfiguration section */

/* Begin XCConfigurationList section */
		1B04C5711BA9CFE400A4FF65 /* Build configuration list for PBXProject "CatYears" */ = {
			isa = XCConfigurationList;
			buildConfigurations = (
				1B04C5931BA9CFE400A4FF65 /* Debug */,
				1B04C5941BA9CFE400A4FF65 /* Release */,
			);
			defaultConfigurationIsVisible = 0;
			defaultConfigurationName = Release;
		};
		1B04C5951BA9CFE400A4FF65 /* Build configuration list for PBXNativeTarget "CatYears" */ = {
			isa = XCConfigurationList;
			buildConfigurations = (
				1B04C5961BA9CFE400A4FF65 /* Debug */,
				1B04C5971BA9CFE400A4FF65 /* Release */,
			);
			defaultConfigurationIsVisible = 0;
			defaultConfigurationName = Release;
		};
		1B04C5981BA9CFE400A4FF65 /* Build configuration list for PBXNativeTarget "CatYearsTests" */ = {
			isa = XCConfigurationList;
			buildConfigurations = (
				1B04C5991BA9CFE400A4FF65 /* Debug */,
				1B04C59A1BA9CFE400A4FF65 /* Release */,
			);
			defaultConfigurationIsVisible = 0;
			defaultConfigurationName = Release;
		};
/* End XCConfigurationList section */
	};
	rootObject = 1B04C56E1BA9CFE400A4FF65 /* Project object */;
}
